
Microsoft Visual Studio Solution File, Format Version 12.00
# Visual Studio 15
VisualStudioVersion = 15.0.27703.2026
MinimumVisualStudioVersion = 10.0.40219.1
Project("{2150E333-8FDC-42A3-9474-1A3956D46DE8}") = ".Net Framework", ".Net Framework", "{64752EBA-CDAC-4D67-8A92-8F0FA99463D7}"
EndProject
Project("{2150E333-8FDC-42A3-9474-1A3956D46DE8}") = ".Net Core", ".Net Core", "{CB813C7A-0A1A-4D02-ADFC-7723D5587651}"
EndProject
Project("{FAE04EC0-301F-11D3-BF4B-00C04F79EFBC}") = "AttendanceDataExtractor", "NetFramework\AttendanceDataExtractor\AttendanceDataExtractor.csproj", "{50FD6EA6-114D-4229-A8AC-11600F3D2BFE}"
EndProject
Project("{9A19103F-16F7-4668-BE54-9A1E7A4F7556}") = "AttendancePushApp", "NetCore\AttendancePushApp\AttendancePushApp.csproj", "{019A034A-0F58-49F7-A917-F822315452B4}"
EndProject
Project("{2150E333-8FDC-42A3-9474-1A3956D46DE8}") = "Uitilities", "Uitilities", "{3EB337AC-4225-4625-BA50-1051A7B323A0}"
EndProject
Project("{9A19103F-16F7-4668-BE54-9A1E7A4F7556}") = "AuthServer", "NetCore\AuthServer\AuthServer.csproj", "{9E73089B-08D9-4C03-A52E-5A75EC24B15D}"
EndProject
Project("{9A19103F-16F7-4668-BE54-9A1E7A4F7556}") = "AttendanceApi", "NetCore\AttendanceApi\AttendanceApi.csproj", "{56A89794-AA39-4DF5-8D0D-7338A2A18898}"
EndProject
Project("{9A19103F-16F7-4668-BE54-9A1E7A4F7556}") = "EmployeeApi", "NetCore\EmployeeApi\EmployeeApi.csproj", "{6C3883EF-C828-4928-AD82-FF8AA09F8970}"
EndProject
Project("{9A19103F-16F7-4668-BE54-9A1E7A4F7556}") = "KlipperApi", "NetCore\KlipperApi\KlipperApi.csproj", "{8357232B-A3CD-415D-B205-2AC255868883}"
EndProject
Project("{9A19103F-16F7-4668-BE54-9A1E7A4F7556}") = "Models.Core", "NetCore\Models.Core\Models.Core.csproj", "{4533B037-74DA-4CD0-97E4-87112438BF9F}"
EndProject
Project("{FAE04EC0-301F-11D3-BF4B-00C04F79EFBC}") = "Models.Framework", "NetFramework\Models.Framework\Models.Framework.csproj", "{E06E7D98-0D23-4E9B-82D4-0489641AE7C5}"
EndProject
Global
	GlobalSection(SolutionConfigurationPlatforms) = preSolution
		Debug|Any CPU = Debug|Any CPU
		Debug|x64 = Debug|x64
		Debug|x86 = Debug|x86
		Release|Any CPU = Release|Any CPU
		Release|x64 = Release|x64
		Release|x86 = Release|x86
	EndGlobalSection
	GlobalSection(ProjectConfigurationPlatforms) = postSolution
		{50FD6EA6-114D-4229-A8AC-11600F3D2BFE}.Debug|Any CPU.ActiveCfg = Debug|Any CPU
		{50FD6EA6-114D-4229-A8AC-11600F3D2BFE}.Debug|Any CPU.Build.0 = Debug|Any CPU
		{50FD6EA6-114D-4229-A8AC-11600F3D2BFE}.Debug|x64.ActiveCfg = Debug|Any CPU
		{50FD6EA6-114D-4229-A8AC-11600F3D2BFE}.Debug|x64.Build.0 = Debug|Any CPU
		{50FD6EA6-114D-4229-A8AC-11600F3D2BFE}.Debug|x86.ActiveCfg = Debug|Any CPU
		{50FD6EA6-114D-4229-A8AC-11600F3D2BFE}.Debug|x86.Build.0 = Debug|Any CPU
		{50FD6EA6-114D-4229-A8AC-11600F3D2BFE}.Release|Any CPU.ActiveCfg = Release|Any CPU
		{50FD6EA6-114D-4229-A8AC-11600F3D2BFE}.Release|Any CPU.Build.0 = Release|Any CPU
		{50FD6EA6-114D-4229-A8AC-11600F3D2BFE}.Release|x64.ActiveCfg = Release|Any CPU
		{50FD6EA6-114D-4229-A8AC-11600F3D2BFE}.Release|x64.Build.0 = Release|Any CPU
		{50FD6EA6-114D-4229-A8AC-11600F3D2BFE}.Release|x86.ActiveCfg = Release|Any CPU
		{50FD6EA6-114D-4229-A8AC-11600F3D2BFE}.Release|x86.Build.0 = Release|Any CPU
		{019A034A-0F58-49F7-A917-F822315452B4}.Debug|Any CPU.ActiveCfg = Debug|Any CPU
		{019A034A-0F58-49F7-A917-F822315452B4}.Debug|Any CPU.Build.0 = Debug|Any CPU
		{019A034A-0F58-49F7-A917-F822315452B4}.Debug|x64.ActiveCfg = Debug|Any CPU
		{019A034A-0F58-49F7-A917-F822315452B4}.Debug|x64.Build.0 = Debug|Any CPU
		{019A034A-0F58-49F7-A917-F822315452B4}.Debug|x86.ActiveCfg = Debug|Any CPU
		{019A034A-0F58-49F7-A917-F822315452B4}.Debug|x86.Build.0 = Debug|Any CPU
		{019A034A-0F58-49F7-A917-F822315452B4}.Release|Any CPU.ActiveCfg = Release|Any CPU
		{019A034A-0F58-49F7-A917-F822315452B4}.Release|Any CPU.Build.0 = Release|Any CPU
		{019A034A-0F58-49F7-A917-F822315452B4}.Release|x64.ActiveCfg = Release|Any CPU
		{019A034A-0F58-49F7-A917-F822315452B4}.Release|x64.Build.0 = Release|Any CPU
		{019A034A-0F58-49F7-A917-F822315452B4}.Release|x86.ActiveCfg = Release|Any CPU
		{019A034A-0F58-49F7-A917-F822315452B4}.Release|x86.Build.0 = Release|Any CPU
		{9E73089B-08D9-4C03-A52E-5A75EC24B15D}.Debug|Any CPU.ActiveCfg = Debug|Any CPU
		{9E73089B-08D9-4C03-A52E-5A75EC24B15D}.Debug|Any CPU.Build.0 = Debug|Any CPU
		{9E73089B-08D9-4C03-A52E-5A75EC24B15D}.Debug|x64.ActiveCfg = Debug|Any CPU
		{9E73089B-08D9-4C03-A52E-5A75EC24B15D}.Debug|x64.Build.0 = Debug|Any CPU
		{9E73089B-08D9-4C03-A52E-5A75EC24B15D}.Debug|x86.ActiveCfg = Debug|Any CPU
		{9E73089B-08D9-4C03-A52E-5A75EC24B15D}.Debug|x86.Build.0 = Debug|Any CPU
		{9E73089B-08D9-4C03-A52E-5A75EC24B15D}.Release|Any CPU.ActiveCfg = Release|Any CPU
		{9E73089B-08D9-4C03-A52E-5A75EC24B15D}.Release|Any CPU.Build.0 = Release|Any CPU
		{9E73089B-08D9-4C03-A52E-5A75EC24B15D}.Release|x64.ActiveCfg = Release|Any CPU
		{9E73089B-08D9-4C03-A52E-5A75EC24B15D}.Release|x64.Build.0 = Release|Any CPU
		{9E73089B-08D9-4C03-A52E-5A75EC24B15D}.Release|x86.ActiveCfg = Release|Any CPU
		{9E73089B-08D9-4C03-A52E-5A75EC24B15D}.Release|x86.Build.0 = Release|Any CPU
		{56A89794-AA39-4DF5-8D0D-7338A2A18898}.Debug|Any CPU.ActiveCfg = Debug|Any CPU
		{56A89794-AA39-4DF5-8D0D-7338A2A18898}.Debug|Any CPU.Build.0 = Debug|Any CPU
		{56A89794-AA39-4DF5-8D0D-7338A2A18898}.Debug|x64.ActiveCfg = Debug|Any CPU
		{56A89794-AA39-4DF5-8D0D-7338A2A18898}.Debug|x64.Build.0 = Debug|Any CPU
		{56A89794-AA39-4DF5-8D0D-7338A2A18898}.Debug|x86.ActiveCfg = Debug|Any CPU
		{56A89794-AA39-4DF5-8D0D-7338A2A18898}.Debug|x86.Build.0 = Debug|Any CPU
		{56A89794-AA39-4DF5-8D0D-7338A2A18898}.Release|Any CPU.ActiveCfg = Release|Any CPU
		{56A89794-AA39-4DF5-8D0D-7338A2A18898}.Release|Any CPU.Build.0 = Release|Any CPU
		{56A89794-AA39-4DF5-8D0D-7338A2A18898}.Release|x64.ActiveCfg = Release|Any CPU
		{56A89794-AA39-4DF5-8D0D-7338A2A18898}.Release|x64.Build.0 = Release|Any CPU
		{56A89794-AA39-4DF5-8D0D-7338A2A18898}.Release|x86.ActiveCfg = Release|Any CPU
		{56A89794-AA39-4DF5-8D0D-7338A2A18898}.Release|x86.Build.0 = Release|Any CPU
		{6C3883EF-C828-4928-AD82-FF8AA09F8970}.Debug|Any CPU.ActiveCfg = Debug|Any CPU
		{6C3883EF-C828-4928-AD82-FF8AA09F8970}.Debug|Any CPU.Build.0 = Debug|Any CPU
		{6C3883EF-C828-4928-AD82-FF8AA09F8970}.Debug|x64.ActiveCfg = Debug|Any CPU
		{6C3883EF-C828-4928-AD82-FF8AA09F8970}.Debug|x64.Build.0 = Debug|Any CPU
		{6C3883EF-C828-4928-AD82-FF8AA09F8970}.Debug|x86.ActiveCfg = Debug|Any CPU
		{6C3883EF-C828-4928-AD82-FF8AA09F8970}.Debug|x86.Build.0 = Debug|Any CPU
		{6C3883EF-C828-4928-AD82-FF8AA09F8970}.Release|Any CPU.ActiveCfg = Release|Any CPU
		{6C3883EF-C828-4928-AD82-FF8AA09F8970}.Release|Any CPU.Build.0 = Release|Any CPU
		{6C3883EF-C828-4928-AD82-FF8AA09F8970}.Release|x64.ActiveCfg = Release|Any CPU
		{6C3883EF-C828-4928-AD82-FF8AA09F8970}.Release|x64.Build.0 = Release|Any CPU
		{6C3883EF-C828-4928-AD82-FF8AA09F8970}.Release|x86.ActiveCfg = Release|Any CPU
		{6C3883EF-C828-4928-AD82-FF8AA09F8970}.Release|x86.Build.0 = Release|Any CPU
		{8357232B-A3CD-415D-B205-2AC255868883}.Debug|Any CPU.ActiveCfg = Debug|Any CPU
		{8357232B-A3CD-415D-B205-2AC255868883}.Debug|Any CPU.Build.0 = Debug|Any CPU
		{8357232B-A3CD-415D-B205-2AC255868883}.Debug|x64.ActiveCfg = Debug|Any CPU
		{8357232B-A3CD-415D-B205-2AC255868883}.Debug|x64.Build.0 = Debug|Any CPU
		{8357232B-A3CD-415D-B205-2AC255868883}.Debug|x86.ActiveCfg = Debug|Any CPU
		{8357232B-A3CD-415D-B205-2AC255868883}.Debug|x86.Build.0 = Debug|Any CPU
		{8357232B-A3CD-415D-B205-2AC255868883}.Release|Any CPU.ActiveCfg = Release|Any CPU
		{8357232B-A3CD-415D-B205-2AC255868883}.Release|Any CPU.Build.0 = Release|Any CPU
		{8357232B-A3CD-415D-B205-2AC255868883}.Release|x64.ActiveCfg = Release|Any CPU
		{8357232B-A3CD-415D-B205-2AC255868883}.Release|x64.Build.0 = Release|Any CPU
		{8357232B-A3CD-415D-B205-2AC255868883}.Release|x86.ActiveCfg = Release|Any CPU
		{8357232B-A3CD-415D-B205-2AC255868883}.Release|x86.Build.0 = Release|Any CPU
		{4533B037-74DA-4CD0-97E4-87112438BF9F}.Debug|Any CPU.ActiveCfg = Debug|Any CPU
		{4533B037-74DA-4CD0-97E4-87112438BF9F}.Debug|Any CPU.Build.0 = Debug|Any CPU
		{4533B037-74DA-4CD0-97E4-87112438BF9F}.Debug|x64.ActiveCfg = Debug|Any CPU
		{4533B037-74DA-4CD0-97E4-87112438BF9F}.Debug|x64.Build.0 = Debug|Any CPU
		{4533B037-74DA-4CD0-97E4-87112438BF9F}.Debug|x86.ActiveCfg = Debug|Any CPU
		{4533B037-74DA-4CD0-97E4-87112438BF9F}.Debug|x86.Build.0 = Debug|Any CPU
		{4533B037-74DA-4CD0-97E4-87112438BF9F}.Release|Any CPU.ActiveCfg = Release|Any CPU
		{4533B037-74DA-4CD0-97E4-87112438BF9F}.Release|Any CPU.Build.0 = Release|Any CPU
		{4533B037-74DA-4CD0-97E4-87112438BF9F}.Release|x64.ActiveCfg = Release|Any CPU
		{4533B037-74DA-4CD0-97E4-87112438BF9F}.Release|x64.Build.0 = Release|Any CPU
		{4533B037-74DA-4CD0-97E4-87112438BF9F}.Release|x86.ActiveCfg = Release|Any CPU
		{4533B037-74DA-4CD0-97E4-87112438BF9F}.Release|x86.Build.0 = Release|Any CPU
		{E06E7D98-0D23-4E9B-82D4-0489641AE7C5}.Debug|Any CPU.ActiveCfg = Debug|Any CPU
		{E06E7D98-0D23-4E9B-82D4-0489641AE7C5}.Debug|Any CPU.Build.0 = Debug|Any CPU
		{E06E7D98-0D23-4E9B-82D4-0489641AE7C5}.Debug|x64.ActiveCfg = Debug|x64
		{E06E7D98-0D23-4E9B-82D4-0489641AE7C5}.Debug|x64.Build.0 = Debug|x64
		{E06E7D98-0D23-4E9B-82D4-0489641AE7C5}.Debug|x86.ActiveCfg = Debug|x86
		{E06E7D98-0D23-4E9B-82D4-0489641AE7C5}.Debug|x86.Build.0 = Debug|x86
		{E06E7D98-0D23-4E9B-82D4-0489641AE7C5}.Release|Any CPU.ActiveCfg = Release|Any CPU
		{E06E7D98-0D23-4E9B-82D4-0489641AE7C5}.Release|Any CPU.Build.0 = Release|Any CPU
		{E06E7D98-0D23-4E9B-82D4-0489641AE7C5}.Release|x64.ActiveCfg = Release|x64
		{E06E7D98-0D23-4E9B-82D4-0489641AE7C5}.Release|x64.Build.0 = Release|x64
		{E06E7D98-0D23-4E9B-82D4-0489641AE7C5}.Release|x86.ActiveCfg = Release|x86
		{E06E7D98-0D23-4E9B-82D4-0489641AE7C5}.Release|x86.Build.0 = Release|x86
	EndGlobalSection
	GlobalSection(SolutionProperties) = preSolution
		HideSolutionNode = FALSE
	EndGlobalSection
	GlobalSection(NestedProjects) = preSolution
		{50FD6EA6-114D-4229-A8AC-11600F3D2BFE} = {64752EBA-CDAC-4D67-8A92-8F0FA99463D7}
		{019A034A-0F58-49F7-A917-F822315452B4} = {CB813C7A-0A1A-4D02-ADFC-7723D5587651}
		{9E73089B-08D9-4C03-A52E-5A75EC24B15D} = {CB813C7A-0A1A-4D02-ADFC-7723D5587651}
		{56A89794-AA39-4DF5-8D0D-7338A2A18898} = {CB813C7A-0A1A-4D02-ADFC-7723D5587651}
		{6C3883EF-C828-4928-AD82-FF8AA09F8970} = {CB813C7A-0A1A-4D02-ADFC-7723D5587651}
		{8357232B-A3CD-415D-B205-2AC255868883} = {CB813C7A-0A1A-4D02-ADFC-7723D5587651}
		{4533B037-74DA-4CD0-97E4-87112438BF9F} = {CB813C7A-0A1A-4D02-ADFC-7723D5587651}
		{E06E7D98-0D23-4E9B-82D4-0489641AE7C5} = {64752EBA-CDAC-4D67-8A92-8F0FA99463D7}
	EndGlobalSection
	GlobalSection(ExtensibilityGlobals) = postSolution
		SolutionGuid = {2C157D0D-629A-439B-8079-1A2231792540}
	EndGlobalSection
EndGlobal
